
Microsoft Visual Studio Solution File, Format Version 12.00
# Visual Studio 15
VisualStudioVersion = 15.0.27428.2037
MinimumVisualStudioVersion = 10.0.40219.1
Project("{FAE04EC0-301F-11D3-BF4B-00C04F79EFBC}") = "PRG310", "PRG310\PRG310.csproj", "{7C365739-E946-4F34-B99A-D752C1C9A4A0}"
EndProject
Project("{FAE04EC0-301F-11D3-BF4B-00C04F79EFBC}") = "LargestIslands", "..\WeekOne\LargestIslands\largestislandsreal\LargestIslands.csproj", "{15C52123-51AF-4DFC-B1C7-91D078739198}"
EndProject
Project("{FAE04EC0-301F-11D3-BF4B-00C04F79EFBC}") = "WebApplication1", "WebApplication1\WebApplication1.csproj", "{991D9432-7FAD-4572-BF9B-A08FF2C28E7E}"
EndProject
Project("{2150E333-8FDC-42A3-9474-1A3956D46DE8}") = "StrictTemplate", "StrictTemplate", "{219CC89E-3DA5-4203-8640-0BF1DE402A51}"
EndProject
Project("{FAE04EC0-301F-11D3-BF4B-00C04F79EFBC}") = "whileLoops100", "whileLoops100\whileLoops100.csproj", "{4920DF90-B80E-4789-97F4-BDF0A6BFFE9A}"
EndProject
Project("{FAE04EC0-301F-11D3-BF4B-00C04F79EFBC}") = "SomeExtraLearning", "SomeExtraLearning\SomeExtraLearning.csproj", "{A85787BA-1D38-4D11-B7C4-8CE7F02B5785}"
EndProject
Project("{FAE04EC0-301F-11D3-BF4B-00C04F79EFBC}") = "webLearn", "webLearn\webLearn.csproj", "{B2AA86C5-9B08-4DF6-90F1-D915167B71EF}"
EndProject
Project("{FAE04EC0-301F-11D3-BF4B-00C04F79EFBC}") = "UserPass", "UserPass\UserPass.csproj", "{56D306B1-0FC6-4F5E-BFE3-F0DADC063A39}"
EndProject
Global
	GlobalSection(SolutionConfigurationPlatforms) = preSolution
		Debug|Any CPU = Debug|Any CPU
		Release|Any CPU = Release|Any CPU
	EndGlobalSection
	GlobalSection(ProjectConfigurationPlatforms) = postSolution
		{7C365739-E946-4F34-B99A-D752C1C9A4A0}.Debug|Any CPU.ActiveCfg = Debug|Any CPU
		{7C365739-E946-4F34-B99A-D752C1C9A4A0}.Debug|Any CPU.Build.0 = Debug|Any CPU
		{7C365739-E946-4F34-B99A-D752C1C9A4A0}.Release|Any CPU.ActiveCfg = Release|Any CPU
		{7C365739-E946-4F34-B99A-D752C1C9A4A0}.Release|Any CPU.Build.0 = Release|Any CPU
		{15C52123-51AF-4DFC-B1C7-91D078739198}.Debug|Any CPU.ActiveCfg = Debug|Any CPU
		{15C52123-51AF-4DFC-B1C7-91D078739198}.Debug|Any CPU.Build.0 = Debug|Any CPU
		{15C52123-51AF-4DFC-B1C7-91D078739198}.Release|Any CPU.ActiveCfg = Release|Any CPU
		{15C52123-51AF-4DFC-B1C7-91D078739198}.Release|Any CPU.Build.0 = Release|Any CPU
		{991D9432-7FAD-4572-BF9B-A08FF2C28E7E}.Debug|Any CPU.ActiveCfg = Debug|Any CPU
		{991D9432-7FAD-4572-BF9B-A08FF2C28E7E}.Debug|Any CPU.Build.0 = Debug|Any CPU
		{991D9432-7FAD-4572-BF9B-A08FF2C28E7E}.Release|Any CPU.ActiveCfg = Release|Any CPU
		{991D9432-7FAD-4572-BF9B-A08FF2C28E7E}.Release|Any CPU.Build.0 = Release|Any CPU
		{4920DF90-B80E-4789-97F4-BDF0A6BFFE9A}.Debug|Any CPU.ActiveCfg = Debug|Any CPU
		{4920DF90-B80E-4789-97F4-BDF0A6BFFE9A}.Debug|Any CPU.Build.0 = Debug|Any CPU
		{4920DF90-B80E-4789-97F4-BDF0A6BFFE9A}.Release|Any CPU.ActiveCfg = Release|Any CPU
		{4920DF90-B80E-4789-97F4-BDF0A6BFFE9A}.Release|Any CPU.Build.0 = Release|Any CPU
		{A85787BA-1D38-4D11-B7C4-8CE7F02B5785}.Debug|Any CPU.ActiveCfg = Debug|Any CPU
		{A85787BA-1D38-4D11-B7C4-8CE7F02B5785}.Debug|Any CPU.Build.0 = Debug|Any CPU
		{A85787BA-1D38-4D11-B7C4-8CE7F02B5785}.Release|Any CPU.ActiveCfg = Release|Any CPU
		{A85787BA-1D38-4D11-B7C4-8CE7F02B5785}.Release|Any CPU.Build.0 = Release|Any CPU
		{B2AA86C5-9B08-4DF6-90F1-D915167B71EF}.Debug|Any CPU.ActiveCfg = Debug|Any CPU
		{B2AA86C5-9B08-4DF6-90F1-D915167B71EF}.Debug|Any CPU.Build.0 = Debug|Any CPU
		{B2AA86C5-9B08-4DF6-90F1-D915167B71EF}.Release|Any CPU.ActiveCfg = Release|Any CPU
		{B2AA86C5-9B08-4DF6-90F1-D915167B71EF}.Release|Any CPU.Build.0 = Release|Any CPU
		{56D306B1-0FC6-4F5E-BFE3-F0DADC063A39}.Debug|Any CPU.ActiveCfg = Debug|Any CPU
		{56D306B1-0FC6-4F5E-BFE3-F0DADC063A39}.Debug|Any CPU.Build.0 = Debug|Any CPU
		{56D306B1-0FC6-4F5E-BFE3-F0DADC063A39}.Release|Any CPU.ActiveCfg = Release|Any CPU
		{56D306B1-0FC6-4F5E-BFE3-F0DADC063A39}.Release|Any CPU.Build.0 = Release|Any CPU
	EndGlobalSection
	GlobalSection(SolutionProperties) = preSolution
		HideSolutionNode = FALSE
	EndGlobalSection
	GlobalSection(NestedProjects) = preSolution
		{991D9432-7FAD-4572-BF9B-A08FF2C28E7E} = {219CC89E-3DA5-4203-8640-0BF1DE402A51}
	EndGlobalSection
	GlobalSection(ExtensibilityGlobals) = postSolution
		SolutionGuid = {2283E90D-A26F-4EBE-BC69-27236FAAD27C}
	EndGlobalSection
EndGlobal
